
Microsoft Visual Studio Solution File, Format Version 12.00
# Visual Studio Version 16
VisualStudioVersion = 16.0.29905.134
MinimumVisualStudioVersion = 10.0.40219.1
Project("{2150E333-8FDC-42A3-9474-1A3956D46DE8}") = "SinGooCMS.Main", "SinGooCMS.Main", "{4474A63C-26A9-406F-B9CE-2687548ED370}"
EndProject
Project("{2150E333-8FDC-42A3-9474-1A3956D46DE8}") = "SinGooCMS.UI", "SinGooCMS.UI", "{7E37FBD3-D064-4AE8-8360-5D508DEC85B9}"
EndProject
Project("{2150E333-8FDC-42A3-9474-1A3956D46DE8}") = "SinGooCMS.Support", "SinGooCMS.Support", "{ED6CD3F8-5F39-4C4A-88D5-68D444DE1EDA}"
EndProject
Project("{9A19103F-16F7-4668-BE54-9A1E7A4F7556}") = "SinGooCMS.WebUI", "SinGooCMS.UI\SinGooCMS.WebUI\SinGooCMS.WebUI.csproj", "{C466C3A7-6BAA-4BBE-9413-FEBF058AC01E}"
EndProject
Project("{9A19103F-16F7-4668-BE54-9A1E7A4F7556}") = "SinGooCMS.Core", "SinGooCMS.Main\SinGooCMS.Core\SinGooCMS.Core.csproj", "{20FBF148-6B6B-4878-9A1E-CD0EBBCD89F3}"
EndProject
Project("{9A19103F-16F7-4668-BE54-9A1E7A4F7556}") = "SinGooCMS.Domain", "SinGooCMS.Main\SinGooCMS.Domain\SinGooCMS.Domain.csproj", "{70E1A515-BD4F-45C7-B578-B92083388826}"
EndProject
Project("{9A19103F-16F7-4668-BE54-9A1E7A4F7556}") = "SinGooCMS.Application", "SinGooCMS.Main\SinGooCMS.Application\SinGooCMS.Application.csproj", "{BB96E0D2-B8A2-4D6E-AADD-5B3684224B70}"
EndProject
Project("{9A19103F-16F7-4668-BE54-9A1E7A4F7556}") = "SinGooCMS.Infrastructure", "SinGooCMS.Support\SinGooCMS.Infrastructure\SinGooCMS.Infrastructure.csproj", "{586A9D7B-806C-451C-8D98-54A7946A7080}"
EndProject
Project("{9A19103F-16F7-4668-BE54-9A1E7A4F7556}") = "SinGooCMS.Platform", "SinGooCMS.Main\SinGooCMS.Platform\SinGooCMS.Platform.csproj", "{16C5086B-C263-4CA5-BD25-C78AB6882EB1}"
EndProject
Project("{9A19103F-16F7-4668-BE54-9A1E7A4F7556}") = "SinGooCMS.MVCBase", "SinGooCMS.Main\SinGooCMS.MVCBase\SinGooCMS.MVCBase.csproj", "{9077DDF0-2BB4-4597-A157-3AF17142557E}"
EndProject
Project("{9A19103F-16F7-4668-BE54-9A1E7A4F7556}") = "SinGooCMS.Control", "SinGooCMS.Support\SinGooCMS.Control\SinGooCMS.Control.csproj", "{6A919E83-1FA5-46B2-8E41-DE6203D5E0E1}"
EndProject
Project("{9A19103F-16F7-4668-BE54-9A1E7A4F7556}") = "SinGooCMS.Weixin", "SinGooCMS.Support\SinGooCMS.Weixin\SinGooCMS.Weixin.csproj", "{58B57DFE-80C6-4BF8-A180-B87D6FF9C933}"
EndProject
Project("{2150E333-8FDC-42A3-9474-1A3956D46DE8}") = "Solution Items", "Solution Items", "{384E03D2-CAE5-44EA-9127-6CF239D2D6A1}"
	ProjectSection(SolutionItems) = preProject
		开发日志.txt = 开发日志.txt
		相关配置参数.txt = 相关配置参数.txt
	EndProjectSection
EndProject
Project("{9A19103F-16F7-4668-BE54-9A1E7A4F7556}") = "NUnitTest", "SinGooCMS.UI\NUnitTest\NUnitTest.csproj", "{2D653651-F0FD-40E1-8174-AD355D26370A}"
EndProject
Global
	GlobalSection(SolutionConfigurationPlatforms) = preSolution
		Debug|Any CPU = Debug|Any CPU
		Release|Any CPU = Release|Any CPU
	EndGlobalSection
	GlobalSection(ProjectConfigurationPlatforms) = postSolution
		{C466C3A7-6BAA-4BBE-9413-FEBF058AC01E}.Debug|Any CPU.ActiveCfg = Debug|Any CPU
		{C466C3A7-6BAA-4BBE-9413-FEBF058AC01E}.Debug|Any CPU.Build.0 = Debug|Any CPU
		{C466C3A7-6BAA-4BBE-9413-FEBF058AC01E}.Release|Any CPU.ActiveCfg = Release|Any CPU
		{C466C3A7-6BAA-4BBE-9413-FEBF058AC01E}.Release|Any CPU.Build.0 = Release|Any CPU
		{20FBF148-6B6B-4878-9A1E-CD0EBBCD89F3}.Debug|Any CPU.ActiveCfg = Debug|Any CPU
		{20FBF148-6B6B-4878-9A1E-CD0EBBCD89F3}.Debug|Any CPU.Build.0 = Debug|Any CPU
		{20FBF148-6B6B-4878-9A1E-CD0EBBCD89F3}.Release|Any CPU.ActiveCfg = Release|Any CPU
		{20FBF148-6B6B-4878-9A1E-CD0EBBCD89F3}.Release|Any CPU.Build.0 = Release|Any CPU
		{70E1A515-BD4F-45C7-B578-B92083388826}.Debug|Any CPU.ActiveCfg = Debug|Any CPU
		{70E1A515-BD4F-45C7-B578-B92083388826}.Debug|Any CPU.Build.0 = Debug|Any CPU
		{70E1A515-BD4F-45C7-B578-B92083388826}.Release|Any CPU.ActiveCfg = Release|Any CPU
		{70E1A515-BD4F-45C7-B578-B92083388826}.Release|Any CPU.Build.0 = Release|Any CPU
		{BB96E0D2-B8A2-4D6E-AADD-5B3684224B70}.Debug|Any CPU.ActiveCfg = Debug|Any CPU
		{BB96E0D2-B8A2-4D6E-AADD-5B3684224B70}.Debug|Any CPU.Build.0 = Debug|Any CPU
		{BB96E0D2-B8A2-4D6E-AADD-5B3684224B70}.Release|Any CPU.ActiveCfg = Release|Any CPU
		{BB96E0D2-B8A2-4D6E-AADD-5B3684224B70}.Release|Any CPU.Build.0 = Release|Any CPU
		{586A9D7B-806C-451C-8D98-54A7946A7080}.Debug|Any CPU.ActiveCfg = Debug|Any CPU
		{586A9D7B-806C-451C-8D98-54A7946A7080}.Debug|Any CPU.Build.0 = Debug|Any CPU
		{586A9D7B-806C-451C-8D98-54A7946A7080}.Release|Any CPU.ActiveCfg = Release|Any CPU
		{586A9D7B-806C-451C-8D98-54A7946A7080}.Release|Any CPU.Build.0 = Release|Any CPU
		{16C5086B-C263-4CA5-BD25-C78AB6882EB1}.Debug|Any CPU.ActiveCfg = Debug|Any CPU
		{16C5086B-C263-4CA5-BD25-C78AB6882EB1}.Debug|Any CPU.Build.0 = Debug|Any CPU
		{16C5086B-C263-4CA5-BD25-C78AB6882EB1}.Release|Any CPU.ActiveCfg = Release|Any CPU
		{16C5086B-C263-4CA5-BD25-C78AB6882EB1}.Release|Any CPU.Build.0 = Release|Any CPU
		{9077DDF0-2BB4-4597-A157-3AF17142557E}.Debug|Any CPU.ActiveCfg = Debug|Any CPU
		{9077DDF0-2BB4-4597-A157-3AF17142557E}.Debug|Any CPU.Build.0 = Debug|Any CPU
		{9077DDF0-2BB4-4597-A157-3AF17142557E}.Release|Any CPU.ActiveCfg = Release|Any CPU
		{9077DDF0-2BB4-4597-A157-3AF17142557E}.Release|Any CPU.Build.0 = Release|Any CPU
		{6A919E83-1FA5-46B2-8E41-DE6203D5E0E1}.Debug|Any CPU.ActiveCfg = Debug|Any CPU
		{6A919E83-1FA5-46B2-8E41-DE6203D5E0E1}.Debug|Any CPU.Build.0 = Debug|Any CPU
		{6A919E83-1FA5-46B2-8E41-DE6203D5E0E1}.Release|Any CPU.ActiveCfg = Release|Any CPU
		{6A919E83-1FA5-46B2-8E41-DE6203D5E0E1}.Release|Any CPU.Build.0 = Release|Any CPU
		{58B57DFE-80C6-4BF8-A180-B87D6FF9C933}.Debug|Any CPU.ActiveCfg = Debug|Any CPU
		{58B57DFE-80C6-4BF8-A180-B87D6FF9C933}.Debug|Any CPU.Build.0 = Debug|Any CPU
		{58B57DFE-80C6-4BF8-A180-B87D6FF9C933}.Release|Any CPU.ActiveCfg = Release|Any CPU
		{58B57DFE-80C6-4BF8-A180-B87D6FF9C933}.Release|Any CPU.Build.0 = Release|Any CPU
		{2D653651-F0FD-40E1-8174-AD355D26370A}.Debug|Any CPU.ActiveCfg = Debug|Any CPU
		{2D653651-F0FD-40E1-8174-AD355D26370A}.Debug|Any CPU.Build.0 = Debug|Any CPU
		{2D653651-F0FD-40E1-8174-AD355D26370A}.Release|Any CPU.ActiveCfg = Release|Any CPU
		{2D653651-F0FD-40E1-8174-AD355D26370A}.Release|Any CPU.Build.0 = Release|Any CPU
	EndGlobalSection
	GlobalSection(SolutionProperties) = preSolution
		HideSolutionNode = FALSE
	EndGlobalSection
	GlobalSection(NestedProjects) = preSolution
		{C466C3A7-6BAA-4BBE-9413-FEBF058AC01E} = {7E37FBD3-D064-4AE8-8360-5D508DEC85B9}
		{20FBF148-6B6B-4878-9A1E-CD0EBBCD89F3} = {4474A63C-26A9-406F-B9CE-2687548ED370}
		{70E1A515-BD4F-45C7-B578-B92083388826} = {4474A63C-26A9-406F-B9CE-2687548ED370}
		{BB96E0D2-B8A2-4D6E-AADD-5B3684224B70} = {4474A63C-26A9-406F-B9CE-2687548ED370}
		{586A9D7B-806C-451C-8D98-54A7946A7080} = {ED6CD3F8-5F39-4C4A-88D5-68D444DE1EDA}
		{16C5086B-C263-4CA5-BD25-C78AB6882EB1} = {4474A63C-26A9-406F-B9CE-2687548ED370}
		{9077DDF0-2BB4-4597-A157-3AF17142557E} = {4474A63C-26A9-406F-B9CE-2687548ED370}
		{6A919E83-1FA5-46B2-8E41-DE6203D5E0E1} = {ED6CD3F8-5F39-4C4A-88D5-68D444DE1EDA}
		{58B57DFE-80C6-4BF8-A180-B87D6FF9C933} = {ED6CD3F8-5F39-4C4A-88D5-68D444DE1EDA}
		{2D653651-F0FD-40E1-8174-AD355D26370A} = {7E37FBD3-D064-4AE8-8360-5D508DEC85B9}
	EndGlobalSection
	GlobalSection(ExtensibilityGlobals) = postSolution
		SolutionGuid = {59930130-7A85-47F1-B57D-252DA55BA8F3}
	EndGlobalSection
EndGlobal
